
Microsoft Visual Studio Solution File, Format Version 12.00
# Visual Studio Version 16
VisualStudioVersion = 16.0.32228.343
MinimumVisualStudioVersion = 10.0.40219.1
Project("{FAE04EC0-301F-11D3-BF4B-00C04F79EFBC}") = "App1", "App1\App1.csproj", "{BC620113-37FD-41EE-8635-72769E482992}"
EndProject
Global
	GlobalSection(SolutionConfigurationPlatforms) = preSolution
		Debug|Any CPU = Debug|Any CPU
		Release|Any CPU = Release|Any CPU
	EndGlobalSection
	GlobalSection(ProjectConfigurationPlatforms) = postSolution
		{BC620113-37FD-41EE-8635-72769E482992}.Debug|Any CPU.ActiveCfg = Debug|Any CPU
		{BC620113-37FD-41EE-8635-72769E482992}.Debug|Any CPU.Build.0 = Debug|Any CPU
		{BC620113-37FD-41EE-8635-72769E482992}.Release|Any CPU.ActiveCfg = Release|Any CPU
		{BC620113-37FD-41EE-8635-72769E482992}.Release|Any CPU.Build.0 = Release|Any CPU
	EndGlobalSection
	GlobalSection(SolutionProperties) = preSolution
		HideSolutionNode = FALSE
	EndGlobalSection
	GlobalSection(ExtensibilityGlobals) = postSolution
		SolutionGuid = {573682E7-9A55-430B-9173-EAEB2280AF74}
	EndGlobalSection
EndGlobal
